<?xml version="1.0" encoding="utf-8"?>
<Project ToolsVersion="4.0" xmlns="http://schemas.microsoft.com/developer/msbuild/2003">
  <ItemGroup>
    <Filter Include="Common">
      <UniqueIdentifier>8acdceba-7035-44fd-a2a9-f3300d02670b</UniqueIdentifier>
    </Filter>
    <Filter Include="Assets">
      <UniqueIdentifier>94ee565b-83e8-44dc-a258-c43f444c6c8a</UniqueIdentifier>
      <Extensions>ico;cur;bmp;dds;dlg;fbx;rct;bin;rgs;gif;jpg;jpeg;jpe;resx;tga;tiff;tif;png;wav;mfcribbon-ms</Extensions>
    </Filter>
    <Filter Include="Imgui">
      <UniqueIdentifier>{c1400001-df58-4853-96dc-f785e1e1a712}</UniqueIdentifier>
    </Filter>
    <Filter Include="My ImGui Components">
      <UniqueIdentifier>{77203522-fd80-41eb-9710-6416745730af}</UniqueIdentifier>
    </Filter>
    <Filter Include="Party Manager thread">
      <UniqueIdentifier>{dd538b16-075b-400a-b419-6f8c5433bc2c}</UniqueIdentifier>
    </Filter>
    <Filter Include="My ImGui Components\Party thread">
      <UniqueIdentifier>{87ed12b6-27d7-4106-8c21-1d85e90c6459}</UniqueIdentifier>
    </Filter>
  </ItemGroup>
  <ItemGroup>
    <ClInclude Include="pch.h" />
    <ClInclude Include="GuildWarsSMHub.h" />
    <ClInclude Include="StepTimer.h">
      <Filter>Common</Filter>
    </ClInclude>
    <ClInclude Include="DeviceResources.h">
      <Filter>Common</Filter>
    </ClInclude>
    <ClInclude Include="imgui_impl_win32.h">
      <Filter>Imgui</Filter>
    </ClInclude>
    <ClInclude Include="imgui_impl_dx11.h">
      <Filter>Imgui</Filter>
    </ClInclude>
    <ClInclude Include="imconfig.h">
      <Filter>Imgui</Filter>
    </ClInclude>
    <ClInclude Include="imgui.h">
      <Filter>Imgui</Filter>
    </ClInclude>
    <ClInclude Include="imgui_internal.h">
      <Filter>Imgui</Filter>
    </ClInclude>
    <ClInclude Include="imstb_rectpack.h">
      <Filter>Imgui</Filter>
    </ClInclude>
    <ClInclude Include="imstb_textedit.h">
      <Filter>Imgui</Filter>
    </ClInclude>
    <ClInclude Include="imstb_truetype.h">
      <Filter>Imgui</Filter>
    </ClInclude>
    <ClInclude Include="ShowClientsConnected.h">
      <Filter>My ImGui Components</Filter>
    </ClInclude>
    <ClInclude Include="LoadTextureFromFile.h">
      <Filter>My ImGui Components</Filter>
    </ClInclude>
    <ClInclude Include="get_filenames.h">
      <Filter>Common</Filter>
    </ClInclude>
    <ClInclude Include="stb_image.h">
      <Filter>Common</Filter>
    </ClInclude>
    <ClInclude Include="get_first_integer_in_string.h">
      <Filter>Common</Filter>
    </ClInclude>
    <ClInclude Include="GW_skill.h">
      <Filter>Common</Filter>
    </ClInclude>
    <ClInclude Include="PartyManager.h">
      <Filter>Party Manager thread</Filter>
    </ClInclude>
    <ClInclude Include="InstanceParty.h">
      <Filter>My ImGui Components\Party thread</Filter>
    </ClInclude>
  </ItemGroup>
  <ItemGroup>
    <ClCompile Include="pch.cpp" />
    <ClCompile Include="GuildWarsSMHub.cpp" />
    <ClCompile Include="Main.cpp" />
    <ClCompile Include="DeviceResources.cpp">
      <Filter>Common</Filter>
    </ClCompile>
    <ClCompile Include="imgui_impl_win32.cpp">
      <Filter>Imgui</Filter>
    </ClCompile>
    <ClCompile Include="imgui_impl_dx11.cpp">
      <Filter>Imgui</Filter>
    </ClCompile>
    <ClCompile Include="imgui.cpp">
      <Filter>Imgui</Filter>
    </ClCompile>
    <ClCompile Include="imgui_demo.cpp">
      <Filter>Imgui</Filter>
    </ClCompile>
    <ClCompile Include="imgui_draw.cpp">
      <Filter>Imgui</Filter>
    </ClCompile>
    <ClCompile Include="imgui_tables.cpp">
      <Filter>Imgui</Filter>
    </ClCompile>
    <ClCompile Include="imgui_widgets.cpp">
      <Filter>Imgui</Filter>
    </ClCompile>
    <ClCompile Include="ShowClientsConnected.cpp">
      <Filter>My ImGui Components</Filter>
    </ClCompile>
    <ClCompile Include="PartyManager.cpp">
      <Filter>Party Manager thread</Filter>
    </ClCompile>
    <ClCompile Include="InstanceParty.cpp">
      <Filter>My ImGui Components\Party thread</Filter>
    </ClCompile>
  </ItemGroup>
  <ItemGroup>
    <ResourceCompile Include="resource.rc" />
  </ItemGroup>
  <ItemGroup>
    <Image Include="directx.ico">
      <Filter>Assets</Filter>
    </Image>
  </ItemGroup>
  <ItemGroup>
    <Manifest Include="settings.manifest">
      <Filter>Assets</Filter>
    </Manifest>
  </ItemGroup>
</Project>